// !$*UTF8*$!
{
	archiveVersion = 1;
	classes = {
	};
	objectVersion = 46;
	objects = {

/* Begin PBXBuildFile section */
		01CF4C8C19EAA737000B4CF5 /* HashableBuilder.swift in Sources */ = {isa = PBXBuildFile; fileRef = 01CF4C8B19EAA737000B4CF5 /* HashableBuilder.swift */; };
		01CF4C8D19EAA737000B4CF5 /* HashableBuilder.swift in Sources */ = {isa = PBXBuildFile; fileRef = 01CF4C8B19EAA737000B4CF5 /* HashableBuilder.swift */; };
		01FA451119EAE30400B7CE98 /* HashableBuilderTest.swift in Sources */ = {isa = PBXBuildFile; fileRef = 339768F556A199E07A3921D9 /* HashableBuilderTest.swift */; };
		01FA451219EAE30800B7CE98 /* ArrayExtensionTest.swift in Sources */ = {isa = PBXBuildFile; fileRef = 339760879076797552BACE71 /* ArrayExtensionTest.swift */; };
		01FA451319EAE30E00B7CE98 /* EquatableBuilderTest.swift in Sources */ = {isa = PBXBuildFile; fileRef = 33976DFA07C0C0E210C7BA00 /* EquatableBuilderTest.swift */; };
		33976137222470C6CEB7C6A9 /* StringExtension.swift in Sources */ = {isa = PBXBuildFile; fileRef = 339769F30930828F7704CEF5 /* StringExtension.swift */; };
		339768D486133C8052F6997E /* EquatableBuilder.swift in Sources */ = {isa = PBXBuildFile; fileRef = 33976C092D91B228EA653FC9 /* EquatableBuilder.swift */; };
		33976C0415D6F561AF158734 /* ArrayExtension.swift in Sources */ = {isa = PBXBuildFile; fileRef = 3397639FE995B0E9BE1034F4 /* ArrayExtension.swift */; };
		33976DD6CD493A1380D7CB1E /* EquatableBuilder.swift in Sources */ = {isa = PBXBuildFile; fileRef = 33976C092D91B228EA653FC9 /* EquatableBuilder.swift */; };
		33976DF8172368D4470DF106 /* ArrayExtension.swift in Sources */ = {isa = PBXBuildFile; fileRef = 3397639FE995B0E9BE1034F4 /* ArrayExtension.swift */; };
		33976F43AAD0C78DA58C405F /* StringExtension.swift in Sources */ = {isa = PBXBuildFile; fileRef = 339769F30930828F7704CEF5 /* StringExtension.swift */; };
/* End PBXBuildFile section */

/* Begin PBXFileReference section */
		01BEA13519E9D1B800F64AB3 /* swift-commons-foundation.framework */ = {isa = PBXFileReference; explicitFileType = wrapper.framework; includeInIndex = 0; path = "swift-commons-foundation.framework"; sourceTree = BUILT_PRODUCTS_DIR; };
		01BEA13919E9D1B800F64AB3 /* Info.plist */ = {isa = PBXFileReference; lastKnownFileType = text.plist.xml; path = Info.plist; sourceTree = "<group>"; };
		01BEA14019E9D1B800F64AB3 /* swift-commons-foundationTests.xctest */ = {isa = PBXFileReference; explicitFileType = wrapper.cfbundle; includeInIndex = 0; path = "swift-commons-foundationTests.xctest"; sourceTree = BUILT_PRODUCTS_DIR; };
		01BEA14319E9D1B800F64AB3 /* Info.plist */ = {isa = PBXFileReference; lastKnownFileType = text.plist.xml; path = Info.plist; sourceTree = "<group>"; };
		01CF4C8B19EAA737000B4CF5 /* HashableBuilder.swift */ = {isa = PBXFileReference; fileEncoding = 4; lastKnownFileType = sourcecode.swift; path = HashableBuilder.swift; sourceTree = "<group>"; };
		339760879076797552BACE71 /* ArrayExtensionTest.swift */ = {isa = PBXFileReference; fileEncoding = 4; lastKnownFileType = sourcecode.swift; path = ArrayExtensionTest.swift; sourceTree = "<group>"; };
		3397639FE995B0E9BE1034F4 /* ArrayExtension.swift */ = {isa = PBXFileReference; fileEncoding = 4; lastKnownFileType = sourcecode.swift; path = ArrayExtension.swift; sourceTree = "<group>"; };
		339768F556A199E07A3921D9 /* HashableBuilderTest.swift */ = {isa = PBXFileReference; fileEncoding = 4; lastKnownFileType = sourcecode.swift; path = HashableBuilderTest.swift; sourceTree = "<group>"; };
		339769F30930828F7704CEF5 /* StringExtension.swift */ = {isa = PBXFileReference; fileEncoding = 4; lastKnownFileType = sourcecode.swift; path = StringExtension.swift; sourceTree = "<group>"; };
		33976C092D91B228EA653FC9 /* EquatableBuilder.swift */ = {isa = PBXFileReference; fileEncoding = 4; lastKnownFileType = sourcecode.swift; path = EquatableBuilder.swift; sourceTree = "<group>"; };
		33976DFA07C0C0E210C7BA00 /* EquatableBuilderTest.swift */ = {isa = PBXFileReference; fileEncoding = 4; lastKnownFileType = sourcecode.swift; path = EquatableBuilderTest.swift; sourceTree = "<group>"; };
/* End PBXFileReference section */

/* Begin PBXFrameworksBuildPhase section */
		01BEA13119E9D1B800F64AB3 /* Frameworks */ = {
			isa = PBXFrameworksBuildPhase;
			buildActionMask = 2147483647;
			files = (
			);
			runOnlyForDeploymentPostprocessing = 0;
		};
		01BEA13D19E9D1B800F64AB3 /* Frameworks */ = {
			isa = PBXFrameworksBuildPhase;
			buildActionMask = 2147483647;
			files = (
			);
			runOnlyForDeploymentPostprocessing = 0;
		};
/* End PBXFrameworksBuildPhase section */

/* Begin PBXGroup section */
		01BEA12B19E9D1B800F64AB3 = {
			isa = PBXGroup;
			children = (
				01BEA13719E9D1B800F64AB3 /* swift-commons-foundation */,
				01BEA14119E9D1B800F64AB3 /* swift-commons-foundationTests */,
				01BEA13619E9D1B800F64AB3 /* Products */,
			);
			indentWidth = 2;
			sourceTree = "<group>";
			tabWidth = 2;
		};
		01BEA13619E9D1B800F64AB3 /* Products */ = {
			isa = PBXGroup;
			children = (
				01BEA13519E9D1B800F64AB3 /* swift-commons-foundation.framework */,
				01BEA14019E9D1B800F64AB3 /* swift-commons-foundationTests.xctest */,
			);
			name = Products;
			sourceTree = "<group>";
		};
		01BEA13719E9D1B800F64AB3 /* swift-commons-foundation */ = {
			isa = PBXGroup;
			children = (
				01BEA13819E9D1B800F64AB3 /* Supporting Files */,
				33976C092D91B228EA653FC9 /* EquatableBuilder.swift */,
				3397639FE995B0E9BE1034F4 /* ArrayExtension.swift */,
				339769F30930828F7704CEF5 /* StringExtension.swift */,
				01CF4C8B19EAA737000B4CF5 /* HashableBuilder.swift */,
			);
			path = "swift-commons-foundation";
			sourceTree = "<group>";
		};
		01BEA13819E9D1B800F64AB3 /* Supporting Files */ = {
			isa = PBXGroup;
			children = (
				01BEA13919E9D1B800F64AB3 /* Info.plist */,
			);
			name = "Supporting Files";
			sourceTree = "<group>";
		};
		01BEA14119E9D1B800F64AB3 /* swift-commons-foundationTests */ = {
			isa = PBXGroup;
			children = (
				01BEA14219E9D1B800F64AB3 /* Supporting Files */,
				33976DFA07C0C0E210C7BA00 /* EquatableBuilderTest.swift */,
				339760879076797552BACE71 /* ArrayExtensionTest.swift */,
				339768F556A199E07A3921D9 /* HashableBuilderTest.swift */,
			);
			path = "swift-commons-foundationTests";
			sourceTree = "<group>";
		};
		01BEA14219E9D1B800F64AB3 /* Supporting Files */ = {
			isa = PBXGroup;
			children = (
				01BEA14319E9D1B800F64AB3 /* Info.plist */,
			);
			name = "Supporting Files";
			sourceTree = "<group>";
		};
/* End PBXGroup section */

/* Begin PBXHeadersBuildPhase section */
		01BEA13219E9D1B800F64AB3 /* Headers */ = {
			isa = PBXHeadersBuildPhase;
			buildActionMask = 2147483647;
			files = (
			);
			runOnlyForDeploymentPostprocessing = 0;
		};
/* End PBXHeadersBuildPhase section */

/* Begin PBXNativeTarget section */
		01BEA13419E9D1B800F64AB3 /* swift-commons-foundation */ = {
			isa = PBXNativeTarget;
			buildConfigurationList = 01BEA14819E9D1B800F64AB3 /* Build configuration list for PBXNativeTarget "swift-commons-foundation" */;
			buildPhases = (
				01BEA13019E9D1B800F64AB3 /* Sources */,
				01BEA13119E9D1B800F64AB3 /* Frameworks */,
				01BEA13219E9D1B800F64AB3 /* Headers */,
				01BEA13319E9D1B800F64AB3 /* Resources */,
			);
			buildRules = (
			);
			dependencies = (
			);
			name = "swift-commons-foundation";
			productName = "swift-commons-foundation";
			productReference = 01BEA13519E9D1B800F64AB3 /* swift-commons-foundation.framework */;
			productType = "com.apple.product-type.framework";
		};
		01BEA13F19E9D1B800F64AB3 /* swift-commons-foundationTests */ = {
			isa = PBXNativeTarget;
			buildConfigurationList = 01BEA14B19E9D1B800F64AB3 /* Build configuration list for PBXNativeTarget "swift-commons-foundationTests" */;
			buildPhases = (
				01BEA13C19E9D1B800F64AB3 /* Sources */,
				01BEA13D19E9D1B800F64AB3 /* Frameworks */,
				01BEA13E19E9D1B800F64AB3 /* Resources */,
			);
			buildRules = (
			);
			dependencies = (
			);
			name = "swift-commons-foundationTests";
			productName = "swift-commons-foundationTests";
			productReference = 01BEA14019E9D1B800F64AB3 /* swift-commons-foundationTests.xctest */;
			productType = "com.apple.product-type.bundle.unit-test";
		};
/* End PBXNativeTarget section */

/* Begin PBXProject section */
		01BEA12C19E9D1B800F64AB3 /* Project object */ = {
			isa = PBXProject;
			attributes = {
				LastUpgradeCheck = 0600;
				ORGANIZATIONNAME = "swift-commons";
				TargetAttributes = {
					01BEA13419E9D1B800F64AB3 = {
						CreatedOnToolsVersion = 6.0.1;
					};
					01BEA13F19E9D1B800F64AB3 = {
						CreatedOnToolsVersion = 6.0.1;
					};
				};
			};
			buildConfigurationList = 01BEA12F19E9D1B800F64AB3 /* Build configuration list for PBXProject "swift-commons-foundation" */;
			compatibilityVersion = "Xcode 3.2";
			developmentRegion = English;
			hasScannedForEncodings = 0;
			knownRegions = (
				en,
			);
			mainGroup = 01BEA12B19E9D1B800F64AB3;
			productRefGroup = 01BEA13619E9D1B800F64AB3 /* Products */;
			projectDirPath = "";
			projectRoot = "";
			targets = (
				01BEA13419E9D1B800F64AB3 /* swift-commons-foundation */,
				01BEA13F19E9D1B800F64AB3 /* swift-commons-foundationTests */,
			);
		};
/* End PBXProject section */

/* Begin PBXResourcesBuildPhase section */
		01BEA13319E9D1B800F64AB3 /* Resources */ = {
			isa = PBXResourcesBuildPhase;
			buildActionMask = 2147483647;
			files = (
			);
			runOnlyForDeploymentPostprocessing = 0;
		};
		01BEA13E19E9D1B800F64AB3 /* Resources */ = {
			isa = PBXResourcesBuildPhase;
			buildActionMask = 2147483647;
			files = (
			);
			runOnlyForDeploymentPostprocessing = 0;
		};
/* End PBXResourcesBuildPhase section */

/* Begin PBXSourcesBuildPhase section */
		01BEA13019E9D1B800F64AB3 /* Sources */ = {
			isa = PBXSourcesBuildPhase;
			buildActionMask = 2147483647;
			files = (
				33976DD6CD493A1380D7CB1E /* EquatableBuilder.swift in Sources */,
				33976C0415D6F561AF158734 /* ArrayExtension.swift in Sources */,
				33976137222470C6CEB7C6A9 /* StringExtension.swift in Sources */,
				01CF4C8C19EAA737000B4CF5 /* HashableBuilder.swift in Sources */,
			);
			runOnlyForDeploymentPostprocessing = 0;
		};
		01BEA13C19E9D1B800F64AB3 /* Sources */ = {
			isa = PBXSourcesBuildPhase;
			buildActionMask = 2147483647;
			files = (
				01CF4C8D19EAA737000B4CF5 /* HashableBuilder.swift in Sources */,
				339768D486133C8052F6997E /* EquatableBuilder.swift in Sources */,
				01FA451119EAE30400B7CE98 /* HashableBuilderTest.swift in Sources */,
				33976DF8172368D4470DF106 /* ArrayExtension.swift in Sources */,
				33976F43AAD0C78DA58C405F /* StringExtension.swift in Sources */,
				01FA451319EAE30E00B7CE98 /* EquatableBuilderTest.swift in Sources */,
				01FA451219EAE30800B7CE98 /* ArrayExtensionTest.swift in Sources */,
			);
			runOnlyForDeploymentPostprocessing = 0;
		};
/* End PBXSourcesBuildPhase section */

/* Begin XCBuildConfiguration section */
		01BEA14619E9D1B800F64AB3 /* Debug */ = {
			isa = XCBuildConfiguration;
			buildSettings = {
				ALWAYS_SEARCH_USER_PATHS = NO;
				CLANG_CXX_LANGUAGE_STANDARD = "gnu++0x";
				CLANG_CXX_LIBRARY = "libc++";
				CLANG_ENABLE_MODULES = YES;
				CLANG_ENABLE_OBJC_ARC = YES;
				CLANG_WARN_BOOL_CONVERSION = YES;
				CLANG_WARN_CONSTANT_CONVERSION = YES;
				CLANG_WARN_DIRECT_OBJC_ISA_USAGE = YES_ERROR;
				CLANG_WARN_EMPTY_BODY = YES;
				CLANG_WARN_ENUM_CONVERSION = YES;
				CLANG_WARN_INT_CONVERSION = YES;
				CLANG_WARN_OBJC_ROOT_CLASS = YES_ERROR;
				CLANG_WARN_UNREACHABLE_CODE = YES;
				CLANG_WARN__DUPLICATE_METHOD_MATCH = YES;
				"CODE_SIGN_IDENTITY[sdk=iphoneos*]" = "iPhone Developer";
				COPY_PHASE_STRIP = NO;
				CURRENT_PROJECT_VERSION = 1;
				ENABLE_STRICT_OBJC_MSGSEND = YES;
				GCC_C_LANGUAGE_STANDARD = gnu99;
				GCC_DYNAMIC_NO_PIC = NO;
				GCC_OPTIMIZATION_LEVEL = 0;
				GCC_PREPROCESSOR_DEFINITIONS = (
					"DEBUG=1",
					"$(inherited)",
				);
				GCC_SYMBOLS_PRIVATE_EXTERN = NO;
				GCC_WARN_64_TO_32_BIT_CONVERSION = YES;
				GCC_WARN_ABOUT_RETURN_TYPE = YES_ERROR;
				GCC_WARN_UNDECLARED_SELECTOR = YES;
				GCC_WARN_UNINITIALIZED_AUTOS = YES_AGGRESSIVE;
				GCC_WARN_UNUSED_FUNCTION = YES;
				GCC_WARN_UNUSED_VARIABLE = YES;
				IPHONEOS_DEPLOYMENT_TARGET = 8.0;
				MTL_ENABLE_DEBUG_INFO = YES;
				ONLY_ACTIVE_ARCH = YES;
				SDKROOT = iphoneos;
				SWIFT_OPTIMIZATION_LEVEL = "-Onone";
				TARGETED_DEVICE_FAMILY = "1,2";
				VERSIONING_SYSTEM = "apple-generic";
				VERSION_INFO_PREFIX = "";
			};
			name = Debug;
		};
		01BEA14719E9D1B800F64AB3 /* Release */ = {
			isa = XCBuildConfiguration;
			buildSettings = {
				ALWAYS_SEARCH_USER_PATHS = NO;
				CLANG_CXX_LANGUAGE_STANDARD = "gnu++0x";
				CLANG_CXX_LIBRARY = "libc++";
				CLANG_ENABLE_MODULES = YES;
				CLANG_ENABLE_OBJC_ARC = YES;
				CLANG_WARN_BOOL_CONVERSION = YES;
				CLANG_WARN_CONSTANT_CONVERSION = YES;
				CLANG_WARN_DIRECT_OBJC_ISA_USAGE = YES_ERROR;
				CLANG_WARN_EMPTY_BODY = YES;
				CLANG_WARN_ENUM_CONVERSION = YES;
				CLANG_WARN_INT_CONVERSION = YES;
				CLANG_WARN_OBJC_ROOT_CLASS = YES_ERROR;
				CLANG_WARN_UNREACHABLE_CODE = YES;
				CLANG_WARN__DUPLICATE_METHOD_MATCH = YES;
				"CODE_SIGN_IDENTITY[sdk=iphoneos*]" = "iPhone Developer";
				COPY_PHASE_STRIP = YES;
				CURRENT_PROJECT_VERSION = 1;
				ENABLE_NS_ASSERTIONS = NO;
				ENABLE_STRICT_OBJC_MSGSEND = YES;
				GCC_C_LANGUAGE_STANDARD = gnu99;
				GCC_WARN_64_TO_32_BIT_CONVERSION = YES;
				GCC_WARN_ABOUT_RETURN_TYPE = YES_ERROR;
				GCC_WARN_UNDECLARED_SELECTOR = YES;
				GCC_WARN_UNINITIALIZED_AUTOS = YES_AGGRESSIVE;
				GCC_WARN_UNUSED_FUNCTION = YES;
				GCC_WARN_UNUSED_VARIABLE = YES;
				IPHONEOS_DEPLOYMENT_TARGET = 8.0;
				MTL_ENABLE_DEBUG_INFO = NO;
				SDKROOT = iphoneos;
				TARGETED_DEVICE_FAMILY = "1,2";
				VALIDATE_PRODUCT = YES;
				VERSIONING_SYSTEM = "apple-generic";
				VERSION_INFO_PREFIX = "";
			};
			name = Release;
		};
		01BEA14919E9D1B800F64AB3 /* Debug */ = {
			isa = XCBuildConfiguration;
			buildSettings = {
				DEFINES_MODULE = YES;
				DYLIB_COMPATIBILITY_VERSION = 1;
				DYLIB_CURRENT_VERSION = 1;
				DYLIB_INSTALL_NAME_BASE = "@rpath";
				INFOPLIST_FILE = "swift-commons-foundation/Info.plist";
				INSTALL_PATH = "$(LOCAL_LIBRARY_DIR)/Frameworks";
				IPHONEOS_DEPLOYMENT_TARGET = 7.0;
				LD_RUNPATH_SEARCH_PATHS = "$(inherited) @executable_path/Frameworks @loader_path/Frameworks";
				PRODUCT_NAME = "$(TARGET_NAME)";
				SKIP_INSTALL = YES;
			};
			name = Debug;
		};
		01BEA14A19E9D1B800F64AB3 /* Release */ = {
			isa = XCBuildConfiguration;
			buildSettings = {
				DEFINES_MODULE = YES;
				DYLIB_COMPATIBILITY_VERSION = 1;
				DYLIB_CURRENT_VERSION = 1;
				DYLIB_INSTALL_NAME_BASE = "@rpath";
				INFOPLIST_FILE = "swift-commons-foundation/Info.plist";
				INSTALL_PATH = "$(LOCAL_LIBRARY_DIR)/Frameworks";
				IPHONEOS_DEPLOYMENT_TARGET = 7.0;
				LD_RUNPATH_SEARCH_PATHS = "$(inherited) @executable_path/Frameworks @loader_path/Frameworks";
				PRODUCT_NAME = "$(TARGET_NAME)";
				SKIP_INSTALL = YES;
			};
			name = Release;
		};
		01BEA14C19E9D1B800F64AB3 /* Debug */ = {
			isa = XCBuildConfiguration;
			buildSettings = {
				FRAMEWORK_SEARCH_PATHS = (
					"$(SDKROOT)/Developer/Library/Frameworks",
					"$(inherited)",
				);
				GCC_PREPROCESSOR_DEFINITIONS = (
					"DEBUG=1",
					"$(inherited)",
				);
				INFOPLIST_FILE = "swift-commons-foundationTests/Info.plist";
				LD_RUNPATH_SEARCH_PATHS = "$(inherited) @executable_path/Frameworks @loader_path/Frameworks";
				PRODUCT_NAME = "$(TARGET_NAME)";
			};
			name = Debug;
		};
		01BEA14D19E9D1B800F64AB3 /* Release */ = {
			isa = XCBuildConfiguration;
			buildSettings = {
				FRAMEWORK_SEARCH_PATHS = (
					"$(SDKROOT)/Developer/Library/Frameworks",
					"$(inherited)",
				);
				INFOPLIST_FILE = "swift-commons-foundationTests/Info.plist";
				LD_RUNPATH_SEARCH_PATHS = "$(inherited) @executable_path/Frameworks @loader_path/Frameworks";
				PRODUCT_NAME = "$(TARGET_NAME)";
			};
			name = Release;
		};
/* End XCBuildConfiguration section */

/* Begin XCConfigurationList section */
		01BEA12F19E9D1B800F64AB3 /* Build configuration list for PBXProject "swift-commons-foundation" */ = {
			isa = XCConfigurationList;
			buildConfigurations = (
				01BEA14619E9D1B800F64AB3 /* Debug */,
				01BEA14719E9D1B800F64AB3 /* Release */,
			);
			defaultConfigurationIsVisible = 0;
			defaultConfigurationName = Release;
		};
		01BEA14819E9D1B800F64AB3 /* Build configuration list for PBXNativeTarget "swift-commons-foundation" */ = {
			isa = XCConfigurationList;
			buildConfigurations = (
				01BEA14919E9D1B800F64AB3 /* Debug */,
				01BEA14A19E9D1B800F64AB3 /* Release */,
			);
			defaultConfigurationIsVisible = 0;
			defaultConfigurationName = Release;
		};
		01BEA14B19E9D1B800F64AB3 /* Build configuration list for PBXNativeTarget "swift-commons-foundationTests" */ = {
			isa = XCConfigurationList;
			buildConfigurations = (
				01BEA14C19E9D1B800F64AB3 /* Debug */,
				01BEA14D19E9D1B800F64AB3 /* Release */,
			);
			defaultConfigurationIsVisible = 0;
			defaultConfigurationName = Release;
		};
/* End XCConfigurationList section */
	};
	rootObject = 01BEA12C19E9D1B800F64AB3 /* Project object */;
}
